
Microsoft Visual Studio Solution File, Format Version 12.00
# Visual Studio Version 16
VisualStudioVersion = 25.0.1704.2
MinimumVisualStudioVersion = 10.0.40219.1
Project("{FAE04EC0-301F-11D3-BF4B-00C04F79EFBC}") = "RestManagmentSystem", "RestManagmentSystem\RestManagmentSystem.csproj", "{C34388C1-1DFE-4034-9D3E-B46BCAF1F081}"
EndProject
Global
	GlobalSection(SolutionConfigurationPlatforms) = preSolution
		Debug|Any CPU = Debug|Any CPU
		Release|Any CPU = Release|Any CPU
	EndGlobalSection
	GlobalSection(ProjectConfigurationPlatforms) = postSolution
		{C34388C1-1DFE-4034-9D3E-B46BCAF1F081}.Debug|Any CPU.ActiveCfg = Debug|Any CPU
		{C34388C1-1DFE-4034-9D3E-B46BCAF1F081}.Debug|Any CPU.Build.0 = Debug|Any CPU
		{C34388C1-1DFE-4034-9D3E-B46BCAF1F081}.Release|Any CPU.ActiveCfg = Release|Any CPU
		{C34388C1-1DFE-4034-9D3E-B46BCAF1F081}.Release|Any CPU.Build.0 = Release|Any CPU
	EndGlobalSection
	GlobalSection(SolutionProperties) = preSolution
		HideSolutionNode = FALSE
	EndGlobalSection
	GlobalSection(ExtensibilityGlobals) = postSolution
		SolutionGuid = {BB6B8DEB-4AD9-4CD5-A74C-9F96E72D7CBD}
	EndGlobalSection
EndGlobal
